
Microsoft Visual Studio Solution File, Format Version 12.00
# Visual Studio 15
VisualStudioVersion = 15.0.28307.168
MinimumVisualStudioVersion = 10.0.40219.1
Project("{FAE04EC0-301F-11D3-BF4B-00C04F79EFBC}") = "Strategy", "Behavioral\Strategy\Strategy.csproj", "{A8B03D24-6F17-4AD6-9283-550A2C6BBFD5}"
EndProject
Project("{2150E333-8FDC-42A3-9474-1A3956D46DE8}") = "Behavioral", "Behavioral", "{CE7C2AD9-7FAB-457E-9521-307449C4D4D7}"
EndProject
Project("{FAE04EC0-301F-11D3-BF4B-00C04F79EFBC}") = "State", "Behavioral\State\State.csproj", "{5F8CEDDE-EB70-4BDB-94AF-6EBA26E81DA3}"
EndProject
Project("{FAE04EC0-301F-11D3-BF4B-00C04F79EFBC}") = "Composite", "Structural\Composite\Composite.csproj", "{EAAA897B-2CF3-4744-B677-B3AE0147F3EE}"
EndProject
Project("{2150E333-8FDC-42A3-9474-1A3956D46DE8}") = "Creational", "Creational", "{2CCF5545-153C-4F3C-A502-FE9BF253D620}"
EndProject
Project("{2150E333-8FDC-42A3-9474-1A3956D46DE8}") = "Structural", "Structural", "{B88E3441-4628-42DC-9EF9-2276F4C45FF0}"
EndProject
Project("{FAE04EC0-301F-11D3-BF4B-00C04F79EFBC}") = "Factory Method", "Factory Method\Factory Method.csproj", "{3E5DAE2C-81EE-44FB-A1BB-4F28C17E1409}"
EndProject
Project("{FAE04EC0-301F-11D3-BF4B-00C04F79EFBC}") = "Command", "Behavioral\Command\Command.csproj", "{25CF455C-FB57-433D-A1AC-F300682D2FBE}"
EndProject
Global
	GlobalSection(SolutionConfigurationPlatforms) = preSolution
		Debug|Any CPU = Debug|Any CPU
		Release|Any CPU = Release|Any CPU
	EndGlobalSection
	GlobalSection(ProjectConfigurationPlatforms) = postSolution
		{A8B03D24-6F17-4AD6-9283-550A2C6BBFD5}.Debug|Any CPU.ActiveCfg = Debug|Any CPU
		{A8B03D24-6F17-4AD6-9283-550A2C6BBFD5}.Debug|Any CPU.Build.0 = Debug|Any CPU
		{A8B03D24-6F17-4AD6-9283-550A2C6BBFD5}.Release|Any CPU.ActiveCfg = Release|Any CPU
		{A8B03D24-6F17-4AD6-9283-550A2C6BBFD5}.Release|Any CPU.Build.0 = Release|Any CPU
		{5F8CEDDE-EB70-4BDB-94AF-6EBA26E81DA3}.Debug|Any CPU.ActiveCfg = Debug|Any CPU
		{5F8CEDDE-EB70-4BDB-94AF-6EBA26E81DA3}.Debug|Any CPU.Build.0 = Debug|Any CPU
		{5F8CEDDE-EB70-4BDB-94AF-6EBA26E81DA3}.Release|Any CPU.ActiveCfg = Release|Any CPU
		{5F8CEDDE-EB70-4BDB-94AF-6EBA26E81DA3}.Release|Any CPU.Build.0 = Release|Any CPU
		{EAAA897B-2CF3-4744-B677-B3AE0147F3EE}.Debug|Any CPU.ActiveCfg = Debug|Any CPU
		{EAAA897B-2CF3-4744-B677-B3AE0147F3EE}.Debug|Any CPU.Build.0 = Debug|Any CPU
		{EAAA897B-2CF3-4744-B677-B3AE0147F3EE}.Release|Any CPU.ActiveCfg = Release|Any CPU
		{EAAA897B-2CF3-4744-B677-B3AE0147F3EE}.Release|Any CPU.Build.0 = Release|Any CPU
		{3E5DAE2C-81EE-44FB-A1BB-4F28C17E1409}.Debug|Any CPU.ActiveCfg = Debug|Any CPU
		{3E5DAE2C-81EE-44FB-A1BB-4F28C17E1409}.Debug|Any CPU.Build.0 = Debug|Any CPU
		{3E5DAE2C-81EE-44FB-A1BB-4F28C17E1409}.Release|Any CPU.ActiveCfg = Release|Any CPU
		{3E5DAE2C-81EE-44FB-A1BB-4F28C17E1409}.Release|Any CPU.Build.0 = Release|Any CPU
		{25CF455C-FB57-433D-A1AC-F300682D2FBE}.Debug|Any CPU.ActiveCfg = Debug|Any CPU
		{25CF455C-FB57-433D-A1AC-F300682D2FBE}.Debug|Any CPU.Build.0 = Debug|Any CPU
		{25CF455C-FB57-433D-A1AC-F300682D2FBE}.Release|Any CPU.ActiveCfg = Release|Any CPU
		{25CF455C-FB57-433D-A1AC-F300682D2FBE}.Release|Any CPU.Build.0 = Release|Any CPU
	EndGlobalSection
	GlobalSection(SolutionProperties) = preSolution
		HideSolutionNode = FALSE
	EndGlobalSection
	GlobalSection(NestedProjects) = preSolution
		{A8B03D24-6F17-4AD6-9283-550A2C6BBFD5} = {CE7C2AD9-7FAB-457E-9521-307449C4D4D7}
		{5F8CEDDE-EB70-4BDB-94AF-6EBA26E81DA3} = {CE7C2AD9-7FAB-457E-9521-307449C4D4D7}
		{EAAA897B-2CF3-4744-B677-B3AE0147F3EE} = {B88E3441-4628-42DC-9EF9-2276F4C45FF0}
		{3E5DAE2C-81EE-44FB-A1BB-4F28C17E1409} = {2CCF5545-153C-4F3C-A502-FE9BF253D620}
		{25CF455C-FB57-433D-A1AC-F300682D2FBE} = {CE7C2AD9-7FAB-457E-9521-307449C4D4D7}
	EndGlobalSection
	GlobalSection(ExtensibilityGlobals) = postSolution
		SolutionGuid = {CFBC7AEB-8295-4893-A6AD-7B5FBAC3E3AB}
	EndGlobalSection
EndGlobal
